// !$*UTF8*$!
{
	archiveVersion = 1;
	classes = {
	};
	objectVersion = 46;
	objects = {

/* Begin PBXBuildFile section */
		18EEE42E1EB9E88300A93A0C /* AppDelegate.swift in Sources */ = {isa = PBXBuildFile; fileRef = 18EEE42D1EB9E88300A93A0C /* AppDelegate.swift */; };
		18EEE4301EB9E88300A93A0C /* ViewController.swift in Sources */ = {isa = PBXBuildFile; fileRef = 18EEE42F1EB9E88300A93A0C /* ViewController.swift */; };
		18EEE4331EB9E88300A93A0C /* Main.storyboard in Resources */ = {isa = PBXBuildFile; fileRef = 18EEE4311EB9E88300A93A0C /* Main.storyboard */; };
		18EEE4361EB9E88300A93A0C /* innoTest.xcdatamodeld in Sources */ = {isa = PBXBuildFile; fileRef = 18EEE4341EB9E88300A93A0C /* innoTest.xcdatamodeld */; };
		18EEE4381EB9E88300A93A0C /* Assets.xcassets in Resources */ = {isa = PBXBuildFile; fileRef = 18EEE4371EB9E88300A93A0C /* Assets.xcassets */; };
		18EEE43B1EB9E88300A93A0C /* LaunchScreen.storyboard in Resources */ = {isa = PBXBuildFile; fileRef = 18EEE4391EB9E88300A93A0C /* LaunchScreen.storyboard */; };
/* End PBXBuildFile section */

/* Begin PBXFileReference section */
		18EEE42A1EB9E88300A93A0C /* innoTest.app */ = {isa = PBXFileReference; explicitFileType = wrapper.application; includeInIndex = 0; path = innoTest.app; sourceTree = BUILT_PRODUCTS_DIR; };
		18EEE42D1EB9E88300A93A0C /* AppDelegate.swift */ = {isa = PBXFileReference; lastKnownFileType = sourcecode.swift; path = AppDelegate.swift; sourceTree = "<group>"; };
		18EEE42F1EB9E88300A93A0C /* ViewController.swift */ = {isa = PBXFileReference; lastKnownFileType = sourcecode.swift; path = ViewController.swift; sourceTree = "<group>"; };
		18EEE4321EB9E88300A93A0C /* Base */ = {isa = PBXFileReference; lastKnownFileType = file.storyboard; name = Base; path = Base.lproj/Main.storyboard; sourceTree = "<group>"; };
		18EEE4351EB9E88300A93A0C /* innoTest.xcdatamodel */ = {isa = PBXFileReference; lastKnownFileType = wrapper.xcdatamodel; path = innoTest.xcdatamodel; sourceTree = "<group>"; };
		18EEE4371EB9E88300A93A0C /* Assets.xcassets */ = {isa = PBXFileReference; lastKnownFileType = folder.assetcatalog; path = Assets.xcassets; sourceTree = "<group>"; };
		18EEE43A1EB9E88300A93A0C /* Base */ = {isa = PBXFileReference; lastKnownFileType = file.storyboard; name = Base; path = Base.lproj/LaunchScreen.storyboard; sourceTree = "<group>"; };
		18EEE43C1EB9E88300A93A0C /* Info.plist */ = {isa = PBXFileReference; lastKnownFileType = text.plist.xml; path = Info.plist; sourceTree = "<group>"; };
/* End PBXFileReference section */

/* Begin PBXFrameworksBuildPhase section */
		18EEE4271EB9E88300A93A0C /* Frameworks */ = {
			isa = PBXFrameworksBuildPhase;
			buildActionMask = 2147483647;
			files = (
			);
			runOnlyForDeploymentPostprocessing = 0;
		};
/* End PBXFrameworksBuildPhase section */

/* Begin PBXGroup section */
		18EEE4211EB9E88300A93A0C = {
			isa = PBXGroup;
			children = (
				18EEE42C1EB9E88300A93A0C /* innoTest */,
				18EEE42B1EB9E88300A93A0C /* Products */,
			);
			sourceTree = "<group>";
		};
		18EEE42B1EB9E88300A93A0C /* Products */ = {
			isa = PBXGroup;
			children = (
				18EEE42A1EB9E88300A93A0C /* innoTest.app */,
			);
			name = Products;
			sourceTree = "<group>";
		};
		18EEE42C1EB9E88300A93A0C /* innoTest */ = {
			isa = PBXGroup;
			children = (
				18EEE42D1EB9E88300A93A0C /* AppDelegate.swift */,
				18EEE42F1EB9E88300A93A0C /* ViewController.swift */,
				18EEE4311EB9E88300A93A0C /* Main.storyboard */,
				18EEE4371EB9E88300A93A0C /* Assets.xcassets */,
				18EEE4391EB9E88300A93A0C /* LaunchScreen.storyboard */,
				18EEE43C1EB9E88300A93A0C /* Info.plist */,
				18EEE4341EB9E88300A93A0C /* innoTest.xcdatamodeld */,
			);
			path = innoTest;
			sourceTree = "<group>";
		};
/* End PBXGroup section */

/* Begin PBXNativeTarget section */
		18EEE4291EB9E88300A93A0C /* innoTest */ = {
			isa = PBXNativeTarget;
			buildConfigurationList = 18EEE43F1EB9E88300A93A0C /* Build configuration list for PBXNativeTarget "innoTest" */;
			buildPhases = (
				18EEE4261EB9E88300A93A0C /* Sources */,
				18EEE4271EB9E88300A93A0C /* Frameworks */,
				18EEE4281EB9E88300A93A0C /* Resources */,
			);
			buildRules = (
			);
			dependencies = (
			);
			name = innoTest;
			productName = innoTest;
			productReference = 18EEE42A1EB9E88300A93A0C /* innoTest.app */;
			productType = "com.apple.product-type.application";
		};
/* End PBXNativeTarget section */

/* Begin PBXProject section */
		18EEE4221EB9E88300A93A0C /* Project object */ = {
			isa = PBXProject;
			attributes = {
				LastSwiftUpdateCheck = 0830;
				LastUpgradeCheck = 0830;
				ORGANIZATIONNAME = Bharat;
				TargetAttributes = {
					18EEE4291EB9E88300A93A0C = {
						CreatedOnToolsVersion = 8.3.2;
						ProvisioningStyle = Automatic;
					};
				};
			};
			buildConfigurationList = 18EEE4251EB9E88300A93A0C /* Build configuration list for PBXProject "innoTest" */;
			compatibilityVersion = "Xcode 3.2";
			developmentRegion = English;
			hasScannedForEncodings = 0;
			knownRegions = (
				en,
				Base,
			);
			mainGroup = 18EEE4211EB9E88300A93A0C;
			productRefGroup = 18EEE42B1EB9E88300A93A0C /* Products */;
			projectDirPath = "";
			projectRoot = "";
			targets = (
				18EEE4291EB9E88300A93A0C /* innoTest */,
			);
		};
/* End PBXProject section */

/* Begin PBXResourcesBuildPhase section */
		18EEE4281EB9E88300A93A0C /* Resources */ = {
			isa = PBXResourcesBuildPhase;
			buildActionMask = 2147483647;
			files = (
				18EEE43B1EB9E88300A93A0C /* LaunchScreen.storyboard in Resources */,
				18EEE4381EB9E88300A93A0C /* Assets.xcassets in Resources */,
				18EEE4331EB9E88300A93A0C /* Main.storyboard in Resources */,
			);
			runOnlyForDeploymentPostprocessing = 0;
		};
/* End PBXResourcesBuildPhase section */

/* Begin PBXSourcesBuildPhase section */
		18EEE4261EB9E88300A93A0C /* Sources */ = {
			isa = PBXSourcesBuildPhase;
			buildActionMask = 2147483647;
			files = (
				18EEE4301EB9E88300A93A0C /* ViewController.swift in Sources */,
				18EEE4361EB9E88300A93A0C /* innoTest.xcdatamodeld in Sources */,
				18EEE42E1EB9E88300A93A0C /* AppDelegate.swift in Sources */,
			);
			runOnlyForDeploymentPostprocessing = 0;
		};
/* End PBXSourcesBuildPhase section */

/* Begin PBXVariantGroup section */
		18EEE4311EB9E88300A93A0C /* Main.storyboard */ = {
			isa = PBXVariantGroup;
			children = (
				18EEE4321EB9E88300A93A0C /* Base */,
			);
			name = Main.storyboard;
			sourceTree = "<group>";
		};
		18EEE4391EB9E88300A93A0C /* LaunchScreen.storyboard */ = {
			isa = PBXVariantGroup;
			children = (
				18EEE43A1EB9E88300A93A0C /* Base */,
			);
			name = LaunchScreen.storyboard;
			sourceTree = "<group>";
		};
/* End PBXVariantGroup section */

/* Begin XCBuildConfiguration section */
		18EEE43D1EB9E88300A93A0C /* Debug */ = {
			isa = XCBuildConfiguration;
			buildSettings = {
				ALWAYS_SEARCH_USER_PATHS = NO;
				CLANG_ANALYZER_NONNULL = YES;
				CLANG_ANALYZER_NUMBER_OBJECT_CONVERSION = YES_AGGRESSIVE;
				CLANG_CXX_LANGUAGE_STANDARD = "gnu++0x";
				CLANG_CXX_LIBRARY = "libc++";
				CLANG_ENABLE_MODULES = YES;
				CLANG_ENABLE_OBJC_ARC = YES;
				CLANG_WARN_BOOL_CONVERSION = YES;
				CLANG_WARN_CONSTANT_CONVERSION = YES;
				CLANG_WARN_DIRECT_OBJC_ISA_USAGE = YES_ERROR;
				CLANG_WARN_DOCUMENTATION_COMMENTS = YES;
				CLANG_WARN_EMPTY_BODY = YES;
				CLANG_WARN_ENUM_CONVERSION = YES;
				CLANG_WARN_INFINITE_RECURSION = YES;
				CLANG_WARN_INT_CONVERSION = YES;
				CLANG_WARN_OBJC_ROOT_CLASS = YES_ERROR;
				CLANG_WARN_SUSPICIOUS_MOVE = YES;
				CLANG_WARN_UNREACHABLE_CODE = YES;
				CLANG_WARN__DUPLICATE_METHOD_MATCH = YES;
				"CODE_SIGN_IDENTITY[sdk=iphoneos*]" = "iPhone Developer";
				COPY_PHASE_STRIP = NO;
				DEBUG_INFORMATION_FORMAT = dwarf;
				ENABLE_STRICT_OBJC_MSGSEND = YES;
				ENABLE_TESTABILITY = YES;
				GCC_C_LANGUAGE_STANDARD = gnu99;
				GCC_DYNAMIC_NO_PIC = NO;
				GCC_NO_COMMON_BLOCKS = YES;
				GCC_OPTIMIZATION_LEVEL = 0;
				GCC_PREPROCESSOR_DEFINITIONS = (
					"DEBUG=1",
					"$(inherited)",
				);
				GCC_WARN_64_TO_32_BIT_CONVERSION = YES;
				GCC_WARN_ABOUT_RETURN_TYPE = YES_ERROR;
				GCC_WARN_UNDECLARED_SELECTOR = YES;
				GCC_WARN_UNINITIALIZED_AUTOS = YES_AGGRESSIVE;
				GCC_WARN_UNUSED_FUNCTION = YES;
				GCC_WARN_UNUSED_VARIABLE = YES;
				IPHONEOS_DEPLOYMENT_TARGET = 10.3;
				MTL_ENABLE_DEBUG_INFO = YES;
				ONLY_ACTIVE_ARCH = YES;
				SDKROOT = iphoneos;
				SWIFT_ACTIVE_COMPILATION_CONDITIONS = DEBUG;
				SWIFT_OPTIMIZATION_LEVEL = "-Onone";
				TARGETED_DEVICE_FAMILY = "1,2";
			};
			name = Debug;
		};
		18EEE43E1EB9E88300A93A0C /* Release */ = {
			isa = XCBuildConfiguration;
			buildSettings = {
				ALWAYS_SEARCH_USER_PATHS = NO;
				CLANG_ANALYZER_NONNULL = YES;
				CLANG_ANALYZER_NUMBER_OBJECT_CONVERSION = YES_AGGRESSIVE;
				CLANG_CXX_LANGUAGE_STANDARD = "gnu++0x";
				CLANG_CXX_LIBRARY = "libc++";
				CLANG_ENABLE_MODULES = YES;
				CLANG_ENABLE_OBJC_ARC = YES;
				CLANG_WARN_BOOL_CONVERSION = YES;
				CLANG_WARN_CONSTANT_CONVERSION = YES;
				CLANG_WARN_DIRECT_OBJC_ISA_USAGE = YES_ERROR;
				CLANG_WARN_DOCUMENTATION_COMMENTS = YES;
				CLANG_WARN_EMPTY_BODY = YES;
				CLANG_WARN_ENUM_CONVERSION = YES;
				CLANG_WARN_INFINITE_RECURSION = YES;
				CLANG_WARN_INT_CONVERSION = YES;
				CLANG_WARN_OBJC_ROOT_CLASS = YES_ERROR;
				CLANG_WARN_SUSPICIOUS_MOVE = YES;
				CLANG_WARN_UNREACHABLE_CODE = YES;
				CLANG_WARN__DUPLICATE_METHOD_MATCH = YES;
				"CODE_SIGN_IDENTITY[sdk=iphoneos*]" = "iPhone Developer";
				COPY_PHASE_STRIP = NO;
				DEBUG_INFORMATION_FORMAT = "dwarf-with-dsym";
				ENABLE_NS_ASSERTIONS = NO;
				ENABLE_STRICT_OBJC_MSGSEND = YES;
				GCC_C_LANGUAGE_STANDARD = gnu99;
				GCC_NO_COMMON_BLOCKS = YES;
				GCC_WARN_64_TO_32_BIT_CONVERSION = YES;
				GCC_WARN_ABOUT_RETURN_TYPE = YES_ERROR;
				GCC_WARN_UNDECLARED_SELECTOR = YES;
				GCC_WARN_UNINITIALIZED_AUTOS = YES_AGGRESSIVE;
				GCC_WARN_UNUSED_FUNCTION = YES;
				GCC_WARN_UNUSED_VARIABLE = YES;
				IPHONEOS_DEPLOYMENT_TARGET = 10.3;
				MTL_ENABLE_DEBUG_INFO = NO;
				SDKROOT = iphoneos;
				SWIFT_OPTIMIZATION_LEVEL = "-Owholemodule";
				TARGETED_DEVICE_FAMILY = "1,2";
				VALIDATE_PRODUCT = YES;
			};
			name = Release;
		};
		18EEE4401EB9E88300A93A0C /* Debug */ = {
			isa = XCBuildConfiguration;
			buildSettings = {
				ASSETCATALOG_COMPILER_APPICON_NAME = AppIcon;
				INFOPLIST_FILE = innoTest/Info.plist;
				LD_RUNPATH_SEARCH_PATHS = "$(inherited) @executable_path/Frameworks";
				PRODUCT_BUNDLE_IDENTIFIER = Innosense.innoTest;
				PRODUCT_NAME = "$(TARGET_NAME)";
				SWIFT_VERSION = 3.0;
			};
			name = Debug;
		};
		18EEE4411EB9E88300A93A0C /* Release */ = {
			isa = XCBuildConfiguration;
			buildSettings = {
				ASSETCATALOG_COMPILER_APPICON_NAME = AppIcon;
				INFOPLIST_FILE = innoTest/Info.plist;
				LD_RUNPATH_SEARCH_PATHS = "$(inherited) @executable_path/Frameworks";
				PRODUCT_BUNDLE_IDENTIFIER = Innosense.innoTest;
				PRODUCT_NAME = "$(TARGET_NAME)";
				SWIFT_VERSION = 3.0;
			};
			name = Release;
		};
/* End XCBuildConfiguration section */

/* Begin XCConfigurationList section */
		18EEE4251EB9E88300A93A0C /* Build configuration list for PBXProject "innoTest" */ = {
			isa = XCConfigurationList;
			buildConfigurations = (
				18EEE43D1EB9E88300A93A0C /* Debug */,
				18EEE43E1EB9E88300A93A0C /* Release */,
			);
			defaultConfigurationIsVisible = 0;
			defaultConfigurationName = Release;
		};
		18EEE43F1EB9E88300A93A0C /* Build configuration list for PBXNativeTarget "innoTest" */ = {
			isa = XCConfigurationList;
			buildConfigurations = (
				18EEE4401EB9E88300A93A0C /* Debug */,
				18EEE4411EB9E88300A93A0C /* Release */,
			);
			defaultConfigurationIsVisible = 0;
		};
/* End XCConfigurationList section */

/* Begin XCVersionGroup section */
		18EEE4341EB9E88300A93A0C /* innoTest.xcdatamodeld */ = {
			isa = XCVersionGroup;
			children = (
				18EEE4351EB9E88300A93A0C /* innoTest.xcdatamodel */,
			);
			currentVersion = 18EEE4351EB9E88300A93A0C /* innoTest.xcdatamodel */;
			path = innoTest.xcdatamodeld;
			sourceTree = "<group>";
			versionGroupType = wrapper.xcdatamodel;
		};
/* End XCVersionGroup section */
	};
	rootObject = 18EEE4221EB9E88300A93A0C /* Project object */;
}
